
Microsoft Visual Studio Solution File, Format Version 12.00
# Visual Studio 15
VisualStudioVersion = 15.0.27703.2042
MinimumVisualStudioVersion = 10.0.40219.1
Project("{FAE04EC0-301F-11D3-BF4B-00C04F79EFBC}") = "slotswaptesting", "slotswaptesting\slotswaptesting.csproj", "{34C738FD-1AF3-4F27-8486-89033803ABFF}"
EndProject
Global
	GlobalSection(SolutionConfigurationPlatforms) = preSolution
		Debug|Any CPU = Debug|Any CPU
		Release|Any CPU = Release|Any CPU
	EndGlobalSection
	GlobalSection(ProjectConfigurationPlatforms) = postSolution
		{34C738FD-1AF3-4F27-8486-89033803ABFF}.Debug|Any CPU.ActiveCfg = Debug|Any CPU
		{34C738FD-1AF3-4F27-8486-89033803ABFF}.Debug|Any CPU.Build.0 = Debug|Any CPU
		{34C738FD-1AF3-4F27-8486-89033803ABFF}.Release|Any CPU.ActiveCfg = Release|Any CPU
		{34C738FD-1AF3-4F27-8486-89033803ABFF}.Release|Any CPU.Build.0 = Release|Any CPU
	EndGlobalSection
	GlobalSection(SolutionProperties) = preSolution
		HideSolutionNode = FALSE
	EndGlobalSection
	GlobalSection(ExtensibilityGlobals) = postSolution
		SolutionGuid = {8A4B878D-C183-4027-BCB9-60B70AC39607}
	EndGlobalSection
EndGlobal
